
Microsoft Visual Studio Solution File, Format Version 12.00
# Visual Studio 15
VisualStudioVersion = 15.0.27703.2026
MinimumVisualStudioVersion = 10.0.40219.1
Project("{FAE04EC0-301F-11D3-BF4B-00C04F79EFBC}") = "AllStarsCore", "AllStarsSolution\AllStarsCore.csproj", "{2121FE60-34F1-463D-8FEE-9F5B95423DB7}"
EndProject
Global
	GlobalSection(SolutionConfigurationPlatforms) = preSolution
		Debug|Any CPU = Debug|Any CPU
		Release|Any CPU = Release|Any CPU
	EndGlobalSection
	GlobalSection(ProjectConfigurationPlatforms) = postSolution
		{2121FE60-34F1-463D-8FEE-9F5B95423DB7}.Debug|Any CPU.ActiveCfg = Debug|Any CPU
		{2121FE60-34F1-463D-8FEE-9F5B95423DB7}.Debug|Any CPU.Build.0 = Debug|Any CPU
		{2121FE60-34F1-463D-8FEE-9F5B95423DB7}.Release|Any CPU.ActiveCfg = Release|Any CPU
		{2121FE60-34F1-463D-8FEE-9F5B95423DB7}.Release|Any CPU.Build.0 = Release|Any CPU
	EndGlobalSection
	GlobalSection(SolutionProperties) = preSolution
		HideSolutionNode = FALSE
	EndGlobalSection
	GlobalSection(ExtensibilityGlobals) = postSolution
		SolutionGuid = {C1579F8F-4BC2-4076-A85A-9EF6F0A6E245}
	EndGlobalSection
EndGlobal
